
Microsoft Visual Studio Solution File, Format Version 11.00
# Visual Studio 2010
Project("{FAE04EC0-301F-11D3-BF4B-00C04F79EFBC}") = "Week4-Homework", "Assembly-CSharp.csproj", "{95482FFF-BEC5-C9A4-2BB7-559D9619C110}"
EndProject
Global
	GlobalSection(SolutionConfigurationPlatforms) = preSolution
		Debug|Any CPU = Debug|Any CPU
		Release|Any CPU = Release|Any CPU
	EndGlobalSection
	GlobalSection(ProjectConfigurationPlatforms) = postSolution
		{95482FFF-BEC5-C9A4-2BB7-559D9619C110}.Debug|Any CPU.ActiveCfg = Debug|Any CPU
		{95482FFF-BEC5-C9A4-2BB7-559D9619C110}.Debug|Any CPU.Build.0 = Debug|Any CPU
		{95482FFF-BEC5-C9A4-2BB7-559D9619C110}.Release|Any CPU.ActiveCfg = Release|Any CPU
		{95482FFF-BEC5-C9A4-2BB7-559D9619C110}.Release|Any CPU.Build.0 = Release|Any CPU
	EndGlobalSection
	GlobalSection(SolutionProperties) = preSolution
		HideSolutionNode = FALSE
	EndGlobalSection
	GlobalSection(MonoDevelopProperties) = preSolution
		StartupItem = Assembly-CSharp.csproj
	EndGlobalSection
EndGlobal
